// !$*UTF8*$!
{
	archiveVersion = 1;
	classes = {
	};
	objectVersion = 46;
	objects = {

/* Begin PBXBuildFile section */
		EA7315EE1E5C8ED10086A75F /* AppDelegate.swift in Sources */ = {isa = PBXBuildFile; fileRef = EA7315ED1E5C8ED10086A75F /* AppDelegate.swift */; };
		EA7315F01E5C8ED10086A75F /* ViewController.swift in Sources */ = {isa = PBXBuildFile; fileRef = EA7315EF1E5C8ED10086A75F /* ViewController.swift */; };
		EA7315F31E5C8ED10086A75F /* Main.storyboard in Resources */ = {isa = PBXBuildFile; fileRef = EA7315F11E5C8ED10086A75F /* Main.storyboard */; };
		EA7315F51E5C8ED10086A75F /* Assets.xcassets in Resources */ = {isa = PBXBuildFile; fileRef = EA7315F41E5C8ED10086A75F /* Assets.xcassets */; };
		EA7315F81E5C8ED10086A75F /* LaunchScreen.storyboard in Resources */ = {isa = PBXBuildFile; fileRef = EA7315F61E5C8ED10086A75F /* LaunchScreen.storyboard */; };
		EA7316011E5C8EEE0086A75F /* Realm.framework in Frameworks */ = {isa = PBXBuildFile; fileRef = EA7315FF1E5C8EEE0086A75F /* Realm.framework */; };
		EA7316021E5C8EEE0086A75F /* Realm.framework in Embed Frameworks (2 items) */ = {isa = PBXBuildFile; fileRef = EA7315FF1E5C8EEE0086A75F /* Realm.framework */; settings = {ATTRIBUTES = (CodeSignOnCopy, RemoveHeadersOnCopy, ); }; };
		EA7316031E5C8EEE0086A75F /* RealmSwift.framework in Frameworks */ = {isa = PBXBuildFile; fileRef = EA7316001E5C8EEE0086A75F /* RealmSwift.framework */; };
		EA7316041E5C8EEE0086A75F /* RealmSwift.framework in Embed Frameworks (2 items) */ = {isa = PBXBuildFile; fileRef = EA7316001E5C8EEE0086A75F /* RealmSwift.framework */; settings = {ATTRIBUTES = (CodeSignOnCopy, RemoveHeadersOnCopy, ); }; };
		EA7316061E5C8F170086A75F /* Realm.framework in Sources */ = {isa = PBXBuildFile; fileRef = EA7315FF1E5C8EEE0086A75F /* Realm.framework */; };
		EA7316071E5C8F170086A75F /* RealmSwift.framework in Sources */ = {isa = PBXBuildFile; fileRef = EA7316001E5C8EEE0086A75F /* RealmSwift.framework */; };
		EA7316091E5C95BA0086A75F /* Todo.swift in Sources */ = {isa = PBXBuildFile; fileRef = EA7316081E5C95BA0086A75F /* Todo.swift */; };
		EA73160B1E5C96AA0086A75F /* TodoTableViewController.swift in Sources */ = {isa = PBXBuildFile; fileRef = EA73160A1E5C96AA0086A75F /* TodoTableViewController.swift */; };
		EA73160D1E5C9D9D0086A75F /* SaveTodoViewController.swift in Sources */ = {isa = PBXBuildFile; fileRef = EA73160C1E5C9D9D0086A75F /* SaveTodoViewController.swift */; };
/* End PBXBuildFile section */

/* Begin PBXCopyFilesBuildPhase section */
		EA7316051E5C8EEE0086A75F /* Embed Frameworks (2 items) */ = {
			isa = PBXCopyFilesBuildPhase;
			buildActionMask = 2147483647;
			dstPath = "";
			dstSubfolderSpec = 10;
			files = (
				EA7316041E5C8EEE0086A75F /* RealmSwift.framework in Embed Frameworks (2 items) */,
				EA7316021E5C8EEE0086A75F /* Realm.framework in Embed Frameworks (2 items) */,
			);
			name = "Embed Frameworks (2 items)";
			runOnlyForDeploymentPostprocessing = 0;
		};
/* End PBXCopyFilesBuildPhase section */

/* Begin PBXFileReference section */
		EA7315EA1E5C8ED10086A75F /* TodoAssigmentRealm.app */ = {isa = PBXFileReference; explicitFileType = wrapper.application; includeInIndex = 0; path = TodoAssigmentRealm.app; sourceTree = BUILT_PRODUCTS_DIR; };
		EA7315ED1E5C8ED10086A75F /* AppDelegate.swift */ = {isa = PBXFileReference; lastKnownFileType = sourcecode.swift; path = AppDelegate.swift; sourceTree = "<group>"; };
		EA7315EF1E5C8ED10086A75F /* ViewController.swift */ = {isa = PBXFileReference; lastKnownFileType = sourcecode.swift; path = ViewController.swift; sourceTree = "<group>"; };
		EA7315F21E5C8ED10086A75F /* Base */ = {isa = PBXFileReference; lastKnownFileType = file.storyboard; name = Base; path = Base.lproj/Main.storyboard; sourceTree = "<group>"; };
		EA7315F41E5C8ED10086A75F /* Assets.xcassets */ = {isa = PBXFileReference; lastKnownFileType = folder.assetcatalog; path = Assets.xcassets; sourceTree = "<group>"; };
		EA7315F71E5C8ED10086A75F /* Base */ = {isa = PBXFileReference; lastKnownFileType = file.storyboard; name = Base; path = Base.lproj/LaunchScreen.storyboard; sourceTree = "<group>"; };
		EA7315F91E5C8ED10086A75F /* Info.plist */ = {isa = PBXFileReference; lastKnownFileType = text.plist.xml; path = Info.plist; sourceTree = "<group>"; };
		EA7315FF1E5C8EEE0086A75F /* Realm.framework */ = {isa = PBXFileReference; lastKnownFileType = wrapper.framework; path = Realm.framework; sourceTree = "<group>"; };
		EA7316001E5C8EEE0086A75F /* RealmSwift.framework */ = {isa = PBXFileReference; lastKnownFileType = wrapper.framework; path = RealmSwift.framework; sourceTree = "<group>"; };
		EA7316081E5C95BA0086A75F /* Todo.swift */ = {isa = PBXFileReference; fileEncoding = 4; lastKnownFileType = sourcecode.swift; path = Todo.swift; sourceTree = "<group>"; };
		EA73160A1E5C96AA0086A75F /* TodoTableViewController.swift */ = {isa = PBXFileReference; fileEncoding = 4; lastKnownFileType = sourcecode.swift; path = TodoTableViewController.swift; sourceTree = "<group>"; };
		EA73160C1E5C9D9D0086A75F /* SaveTodoViewController.swift */ = {isa = PBXFileReference; fileEncoding = 4; lastKnownFileType = sourcecode.swift; path = SaveTodoViewController.swift; sourceTree = "<group>"; };
/* End PBXFileReference section */

/* Begin PBXFrameworksBuildPhase section */
		EA7315E71E5C8ED00086A75F /* Frameworks */ = {
			isa = PBXFrameworksBuildPhase;
			buildActionMask = 2147483647;
			files = (
				EA7316031E5C8EEE0086A75F /* RealmSwift.framework in Frameworks */,
				EA7316011E5C8EEE0086A75F /* Realm.framework in Frameworks */,
			);
			runOnlyForDeploymentPostprocessing = 0;
		};
/* End PBXFrameworksBuildPhase section */

/* Begin PBXGroup section */
		EA7315E11E5C8ED00086A75F = {
			isa = PBXGroup;
			children = (
				EA7315FF1E5C8EEE0086A75F /* Realm.framework */,
				EA7316001E5C8EEE0086A75F /* RealmSwift.framework */,
				EA7315EC1E5C8ED10086A75F /* TodoAssigmentRealm */,
				EA7315EB1E5C8ED10086A75F /* Products */,
			);
			sourceTree = "<group>";
		};
		EA7315EB1E5C8ED10086A75F /* Products */ = {
			isa = PBXGroup;
			children = (
				EA7315EA1E5C8ED10086A75F /* TodoAssigmentRealm.app */,
			);
			name = Products;
			sourceTree = "<group>";
		};
		EA7315EC1E5C8ED10086A75F /* TodoAssigmentRealm */ = {
			isa = PBXGroup;
			children = (
				EA7315ED1E5C8ED10086A75F /* AppDelegate.swift */,
				EA7315EF1E5C8ED10086A75F /* ViewController.swift */,
				EA7315F11E5C8ED10086A75F /* Main.storyboard */,
				EA7315F41E5C8ED10086A75F /* Assets.xcassets */,
				EA7315F61E5C8ED10086A75F /* LaunchScreen.storyboard */,
				EA7315F91E5C8ED10086A75F /* Info.plist */,
				EA7316081E5C95BA0086A75F /* Todo.swift */,
				EA73160A1E5C96AA0086A75F /* TodoTableViewController.swift */,
				EA73160C1E5C9D9D0086A75F /* SaveTodoViewController.swift */,
			);
			path = TodoAssigmentRealm;
			sourceTree = "<group>";
		};
/* End PBXGroup section */

/* Begin PBXNativeTarget section */
		EA7315E91E5C8ED00086A75F /* TodoAssigmentRealm */ = {
			isa = PBXNativeTarget;
			buildConfigurationList = EA7315FC1E5C8ED10086A75F /* Build configuration list for PBXNativeTarget "TodoAssigmentRealm" */;
			buildPhases = (
				EA7315E61E5C8ED00086A75F /* Sources */,
				EA7315E71E5C8ED00086A75F /* Frameworks */,
				EA7315E81E5C8ED00086A75F /* Resources */,
				EA7316051E5C8EEE0086A75F /* Embed Frameworks (2 items) */,
			);
			buildRules = (
			);
			dependencies = (
			);
			name = TodoAssigmentRealm;
			productName = TodoAssigmentRealm;
			productReference = EA7315EA1E5C8ED10086A75F /* TodoAssigmentRealm.app */;
			productType = "com.apple.product-type.application";
		};
/* End PBXNativeTarget section */

/* Begin PBXProject section */
		EA7315E21E5C8ED00086A75F /* Project object */ = {
			isa = PBXProject;
			attributes = {
				LastSwiftUpdateCheck = 0820;
				LastUpgradeCheck = 0820;
				ORGANIZATIONNAME = Polorg;
				TargetAttributes = {
					EA7315E91E5C8ED00086A75F = {
						CreatedOnToolsVersion = 8.2.1;
						DevelopmentTeam = 2BULHRS882;
						ProvisioningStyle = Automatic;
					};
				};
			};
			buildConfigurationList = EA7315E51E5C8ED00086A75F /* Build configuration list for PBXProject "TodoAssigmentRealm" */;
			compatibilityVersion = "Xcode 3.2";
			developmentRegion = English;
			hasScannedForEncodings = 0;
			knownRegions = (
				en,
				Base,
			);
			mainGroup = EA7315E11E5C8ED00086A75F;
			productRefGroup = EA7315EB1E5C8ED10086A75F /* Products */;
			projectDirPath = "";
			projectRoot = "";
			targets = (
				EA7315E91E5C8ED00086A75F /* TodoAssigmentRealm */,
			);
		};
/* End PBXProject section */

/* Begin PBXResourcesBuildPhase section */
		EA7315E81E5C8ED00086A75F /* Resources */ = {
			isa = PBXResourcesBuildPhase;
			buildActionMask = 2147483647;
			files = (
				EA7315F81E5C8ED10086A75F /* LaunchScreen.storyboard in Resources */,
				EA7315F51E5C8ED10086A75F /* Assets.xcassets in Resources */,
				EA7315F31E5C8ED10086A75F /* Main.storyboard in Resources */,
			);
			runOnlyForDeploymentPostprocessing = 0;
		};
/* End PBXResourcesBuildPhase section */

/* Begin PBXSourcesBuildPhase section */
		EA7315E61E5C8ED00086A75F /* Sources */ = {
			isa = PBXSourcesBuildPhase;
			buildActionMask = 2147483647;
			files = (
				EA7316061E5C8F170086A75F /* Realm.framework in Sources */,
				EA73160B1E5C96AA0086A75F /* TodoTableViewController.swift in Sources */,
				EA7316071E5C8F170086A75F /* RealmSwift.framework in Sources */,
				EA7315F01E5C8ED10086A75F /* ViewController.swift in Sources */,
				EA7315EE1E5C8ED10086A75F /* AppDelegate.swift in Sources */,
				EA73160D1E5C9D9D0086A75F /* SaveTodoViewController.swift in Sources */,
				EA7316091E5C95BA0086A75F /* Todo.swift in Sources */,
			);
			runOnlyForDeploymentPostprocessing = 0;
		};
/* End PBXSourcesBuildPhase section */

/* Begin PBXVariantGroup section */
		EA7315F11E5C8ED10086A75F /* Main.storyboard */ = {
			isa = PBXVariantGroup;
			children = (
				EA7315F21E5C8ED10086A75F /* Base */,
			);
			name = Main.storyboard;
			sourceTree = "<group>";
		};
		EA7315F61E5C8ED10086A75F /* LaunchScreen.storyboard */ = {
			isa = PBXVariantGroup;
			children = (
				EA7315F71E5C8ED10086A75F /* Base */,
			);
			name = LaunchScreen.storyboard;
			sourceTree = "<group>";
		};
/* End PBXVariantGroup section */

/* Begin XCBuildConfiguration section */
		EA7315FA1E5C8ED10086A75F /* Debug */ = {
			isa = XCBuildConfiguration;
			buildSettings = {
				ALWAYS_SEARCH_USER_PATHS = NO;
				CLANG_ANALYZER_NONNULL = YES;
				CLANG_CXX_LANGUAGE_STANDARD = "gnu++0x";
				CLANG_CXX_LIBRARY = "libc++";
				CLANG_ENABLE_MODULES = YES;
				CLANG_ENABLE_OBJC_ARC = YES;
				CLANG_WARN_BOOL_CONVERSION = YES;
				CLANG_WARN_CONSTANT_CONVERSION = YES;
				CLANG_WARN_DIRECT_OBJC_ISA_USAGE = YES_ERROR;
				CLANG_WARN_DOCUMENTATION_COMMENTS = YES;
				CLANG_WARN_EMPTY_BODY = YES;
				CLANG_WARN_ENUM_CONVERSION = YES;
				CLANG_WARN_INFINITE_RECURSION = YES;
				CLANG_WARN_INT_CONVERSION = YES;
				CLANG_WARN_OBJC_ROOT_CLASS = YES_ERROR;
				CLANG_WARN_SUSPICIOUS_MOVE = YES;
				CLANG_WARN_UNREACHABLE_CODE = YES;
				CLANG_WARN__DUPLICATE_METHOD_MATCH = YES;
				"CODE_SIGN_IDENTITY[sdk=iphoneos*]" = "iPhone Developer";
				COPY_PHASE_STRIP = NO;
				DEBUG_INFORMATION_FORMAT = dwarf;
				ENABLE_STRICT_OBJC_MSGSEND = YES;
				ENABLE_TESTABILITY = YES;
				GCC_C_LANGUAGE_STANDARD = gnu99;
				GCC_DYNAMIC_NO_PIC = NO;
				GCC_NO_COMMON_BLOCKS = YES;
				GCC_OPTIMIZATION_LEVEL = 0;
				GCC_PREPROCESSOR_DEFINITIONS = (
					"DEBUG=1",
					"$(inherited)",
				);
				GCC_WARN_64_TO_32_BIT_CONVERSION = YES;
				GCC_WARN_ABOUT_RETURN_TYPE = YES_ERROR;
				GCC_WARN_UNDECLARED_SELECTOR = YES;
				GCC_WARN_UNINITIALIZED_AUTOS = YES_AGGRESSIVE;
				GCC_WARN_UNUSED_FUNCTION = YES;
				GCC_WARN_UNUSED_VARIABLE = YES;
				IPHONEOS_DEPLOYMENT_TARGET = 10.2;
				MTL_ENABLE_DEBUG_INFO = YES;
				ONLY_ACTIVE_ARCH = YES;
				SDKROOT = iphoneos;
				SWIFT_ACTIVE_COMPILATION_CONDITIONS = DEBUG;
				SWIFT_OPTIMIZATION_LEVEL = "-Onone";
			};
			name = Debug;
		};
		EA7315FB1E5C8ED10086A75F /* Release */ = {
			isa = XCBuildConfiguration;
			buildSettings = {
				ALWAYS_SEARCH_USER_PATHS = NO;
				CLANG_ANALYZER_NONNULL = YES;
				CLANG_CXX_LANGUAGE_STANDARD = "gnu++0x";
				CLANG_CXX_LIBRARY = "libc++";
				CLANG_ENABLE_MODULES = YES;
				CLANG_ENABLE_OBJC_ARC = YES;
				CLANG_WARN_BOOL_CONVERSION = YES;
				CLANG_WARN_CONSTANT_CONVERSION = YES;
				CLANG_WARN_DIRECT_OBJC_ISA_USAGE = YES_ERROR;
				CLANG_WARN_DOCUMENTATION_COMMENTS = YES;
				CLANG_WARN_EMPTY_BODY = YES;
				CLANG_WARN_ENUM_CONVERSION = YES;
				CLANG_WARN_INFINITE_RECURSION = YES;
				CLANG_WARN_INT_CONVERSION = YES;
				CLANG_WARN_OBJC_ROOT_CLASS = YES_ERROR;
				CLANG_WARN_SUSPICIOUS_MOVE = YES;
				CLANG_WARN_UNREACHABLE_CODE = YES;
				CLANG_WARN__DUPLICATE_METHOD_MATCH = YES;
				"CODE_SIGN_IDENTITY[sdk=iphoneos*]" = "iPhone Developer";
				COPY_PHASE_STRIP = NO;
				DEBUG_INFORMATION_FORMAT = "dwarf-with-dsym";
				ENABLE_NS_ASSERTIONS = NO;
				ENABLE_STRICT_OBJC_MSGSEND = YES;
				GCC_C_LANGUAGE_STANDARD = gnu99;
				GCC_NO_COMMON_BLOCKS = YES;
				GCC_WARN_64_TO_32_BIT_CONVERSION = YES;
				GCC_WARN_ABOUT_RETURN_TYPE = YES_ERROR;
				GCC_WARN_UNDECLARED_SELECTOR = YES;
				GCC_WARN_UNINITIALIZED_AUTOS = YES_AGGRESSIVE;
				GCC_WARN_UNUSED_FUNCTION = YES;
				GCC_WARN_UNUSED_VARIABLE = YES;
				IPHONEOS_DEPLOYMENT_TARGET = 10.2;
				MTL_ENABLE_DEBUG_INFO = NO;
				SDKROOT = iphoneos;
				SWIFT_OPTIMIZATION_LEVEL = "-Owholemodule";
				VALIDATE_PRODUCT = YES;
			};
			name = Release;
		};
		EA7315FD1E5C8ED10086A75F /* Debug */ = {
			isa = XCBuildConfiguration;
			buildSettings = {
				ASSETCATALOG_COMPILER_APPICON_NAME = AppIcon;
				DEVELOPMENT_TEAM = 2BULHRS882;
				FRAMEWORK_SEARCH_PATHS = (
					"$(inherited)",
					"$(PROJECT_DIR)",
				);
				INFOPLIST_FILE = TodoAssigmentRealm/Info.plist;
				LD_RUNPATH_SEARCH_PATHS = "$(inherited) @executable_path/Frameworks";
				PRODUCT_BUNDLE_IDENTIFIER = com.todo.app.TodoAssigmentRealm;
				PRODUCT_NAME = "$(TARGET_NAME)";
				SWIFT_VERSION = 3.0;
			};
			name = Debug;
		};
		EA7315FE1E5C8ED10086A75F /* Release */ = {
			isa = XCBuildConfiguration;
			buildSettings = {
				ASSETCATALOG_COMPILER_APPICON_NAME = AppIcon;
				DEVELOPMENT_TEAM = 2BULHRS882;
				FRAMEWORK_SEARCH_PATHS = (
					"$(inherited)",
					"$(PROJECT_DIR)",
				);
				INFOPLIST_FILE = TodoAssigmentRealm/Info.plist;
				LD_RUNPATH_SEARCH_PATHS = "$(inherited) @executable_path/Frameworks";
				PRODUCT_BUNDLE_IDENTIFIER = com.todo.app.TodoAssigmentRealm;
				PRODUCT_NAME = "$(TARGET_NAME)";
				SWIFT_VERSION = 3.0;
			};
			name = Release;
		};
/* End XCBuildConfiguration section */

/* Begin XCConfigurationList section */
		EA7315E51E5C8ED00086A75F /* Build configuration list for PBXProject "TodoAssigmentRealm" */ = {
			isa = XCConfigurationList;
			buildConfigurations = (
				EA7315FA1E5C8ED10086A75F /* Debug */,
				EA7315FB1E5C8ED10086A75F /* Release */,
			);
			defaultConfigurationIsVisible = 0;
			defaultConfigurationName = Release;
		};
		EA7315FC1E5C8ED10086A75F /* Build configuration list for PBXNativeTarget "TodoAssigmentRealm" */ = {
			isa = XCConfigurationList;
			buildConfigurations = (
				EA7315FD1E5C8ED10086A75F /* Debug */,
				EA7315FE1E5C8ED10086A75F /* Release */,
			);
			defaultConfigurationIsVisible = 0;
		};
/* End XCConfigurationList section */
	};
	rootObject = EA7315E21E5C8ED00086A75F /* Project object */;
}
